{
    "name": "cdk",
    "version": "0.1.0",
    "lockfileVersion": 1,
    "requires": true,
    "dependencies": {
        "@aws-cdk/assets": {
            "version": "1.18.0",
            "resolved": "https://registry.npmjs.org/@aws-cdk/assets/-/assets-1.18.0.tgz",
            "integrity": "sha512-mkb4lR3JzWoQyKdHbkri5v6NuKEQNJ9gbbyoad61nTCfdRbpKfJ8agEzhT/9F7FdsPdCZuDFGAxxRYOBw5B1Jw==",
            "requires": {
                "@aws-cdk/core": "1.18.0",
                "@aws-cdk/cx-api": "1.18.0",
                "minimatch": "^3.0.4"
            },
            "dependencies": {
                "balanced-match": {
                    "version": "1.0.0",
                    "bundled": true
                },
                "brace-expansion": {
                    "version": "1.1.11",
                    "bundled": true,
                    "requires": {
                        "balanced-match": "^1.0.0",
                        "concat-map": "0.0.1"
                    }
                },
                "concat-map": {
                    "version": "0.0.1",
                    "bundled": true
                },
                "minimatch": {
                    "version": "3.0.4",
                    "bundled": true,
                    "requires": {
                        "brace-expansion": "^1.1.7"
                    }
                }
            }
        },
        "@aws-cdk/aws-certificatemanager": {
            "version": "1.18.0",
            "resolved": "https://registry.npmjs.org/@aws-cdk/aws-certificatemanager/-/aws-certificatemanager-1.18.0.tgz",
            "integrity": "sha512-JXrXJkw6y0J8wiIBUmhMO4icKyILRBm8r2WPjGcep28oF+FYBQGYbD97R5z/5+NJAdb4r06Bu/cNmgleNR4kTw==",
            "requires": {
                "@aws-cdk/aws-cloudformation": "1.18.0",
                "@aws-cdk/aws-iam": "1.18.0",
                "@aws-cdk/aws-lambda": "1.18.0",
                "@aws-cdk/aws-route53": "1.18.0",
                "@aws-cdk/core": "1.18.0"
            }
        },
        "@aws-cdk/aws-cloudformation": {
            "version": "1.18.0",
            "resolved": "https://registry.npmjs.org/@aws-cdk/aws-cloudformation/-/aws-cloudformation-1.18.0.tgz",
            "integrity": "sha512-cCkz9pZwimlQMlToWwM0r9hlRY1TLi+7LNhbpiKclKbJx6qM/Hbw366CZf7JnKKeM85k/8eEGi54S85fK48fSQ==",
            "requires": {
                "@aws-cdk/aws-iam": "1.18.0",
                "@aws-cdk/aws-lambda": "1.18.0",
                "@aws-cdk/aws-s3": "1.18.0",
                "@aws-cdk/aws-sns": "1.18.0",
                "@aws-cdk/core": "1.18.0",
                "@aws-cdk/cx-api": "1.18.0"
            }
        },
        "@aws-cdk/aws-cloudfront": {
            "version": "1.18.0",
            "resolved": "https://registry.npmjs.org/@aws-cdk/aws-cloudfront/-/aws-cloudfront-1.18.0.tgz",
            "integrity": "sha512-xqxECDkUQcj5SHsZ4FGKDd9l9MYRzzHNL/Wb+Hbj2WHJKOrM0YLFmvEfAr/hLhVk5fC98JUAXkXAXbkL19jmtw==",
            "requires": {
                "@aws-cdk/aws-certificatemanager": "1.18.0",
                "@aws-cdk/aws-iam": "1.18.0",
                "@aws-cdk/aws-kms": "1.18.0",
                "@aws-cdk/aws-lambda": "1.18.0",
                "@aws-cdk/aws-s3": "1.18.0",
                "@aws-cdk/core": "1.18.0"
            }
        },
        "@aws-cdk/aws-cloudwatch": {
            "version": "1.18.0",
            "resolved": "https://registry.npmjs.org/@aws-cdk/aws-cloudwatch/-/aws-cloudwatch-1.18.0.tgz",
            "integrity": "sha512-/Lgp/Q/2CSNWnf3DpcNkg+OfZ3BOkRp8gBJUMMgY0mYSRcXyDj9jy2CC1RrYj1G9R2tcyGxlplLoEndtqIiBcA==",
            "requires": {
                "@aws-cdk/aws-iam": "1.18.0",
                "@aws-cdk/core": "1.18.0"
            }
        },
        "@aws-cdk/aws-codebuild": {
            "version": "1.18.0",
            "resolved": "https://registry.npmjs.org/@aws-cdk/aws-codebuild/-/aws-codebuild-1.18.0.tgz",
            "integrity": "sha512-LgXhMooisyWijrPkH9NTkI2D2mtmRaCMxFpcndAaf/mcOisc5el/ZQgpKG43lEmcvVmFN5rUYlFxu+FdUxHVpw==",
            "requires": {
                "@aws-cdk/assets": "1.18.0",
                "@aws-cdk/aws-cloudwatch": "1.18.0",
                "@aws-cdk/aws-codecommit": "1.18.0",
                "@aws-cdk/aws-ec2": "1.18.0",
                "@aws-cdk/aws-ecr": "1.18.0",
                "@aws-cdk/aws-ecr-assets": "1.18.0",
                "@aws-cdk/aws-events": "1.18.0",
                "@aws-cdk/aws-iam": "1.18.0",
                "@aws-cdk/aws-kms": "1.18.0",
                "@aws-cdk/aws-s3": "1.18.0",
                "@aws-cdk/aws-s3-assets": "1.18.0",
                "@aws-cdk/aws-secretsmanager": "1.18.0",
                "@aws-cdk/core": "1.18.0"
            }
        },
        "@aws-cdk/aws-codecommit": {
            "version": "1.18.0",
            "resolved": "https://registry.npmjs.org/@aws-cdk/aws-codecommit/-/aws-codecommit-1.18.0.tgz",
            "integrity": "sha512-u4H1QSQDJObzVVtmNtOi/3igGRiBhTd31c3zTenWieU+radB5AJk5MrJh+Zmp+chtaSIQ4ZeV+oUXT2IfQUFEg==",
            "requires": {
                "@aws-cdk/aws-events": "1.18.0",
                "@aws-cdk/aws-iam": "1.18.0",
                "@aws-cdk/core": "1.18.0"
            }
        },
        "@aws-cdk/aws-ec2": {
            "version": "1.18.0",
            "resolved": "https://registry.npmjs.org/@aws-cdk/aws-ec2/-/aws-ec2-1.18.0.tgz",
            "integrity": "sha512-xWPlRBo9lj7u7/ib+AE+RTynH+4NVha2/l4WjTLM/msSO+vSXxGg5b8KAw194zuqRH1HCw6r+g4MIbD9gmb1gg==",
            "requires": {
                "@aws-cdk/aws-cloudwatch": "1.18.0",
                "@aws-cdk/aws-iam": "1.18.0",
                "@aws-cdk/aws-ssm": "1.18.0",
                "@aws-cdk/core": "1.18.0",
                "@aws-cdk/cx-api": "1.18.0"
            }
        },
        "@aws-cdk/aws-ecr": {
            "version": "1.18.0",
            "resolved": "https://registry.npmjs.org/@aws-cdk/aws-ecr/-/aws-ecr-1.18.0.tgz",
            "integrity": "sha512-E7UjXybNRWJye/5tCzcXEyKOH/aIO3l7Kx8LXgnm9ddOOgYUZgDtYT0a4pXJhwt+9ZLNV/jSFrlAhPcB033UdA==",
            "requires": {
                "@aws-cdk/aws-events": "1.18.0",
                "@aws-cdk/aws-iam": "1.18.0",
                "@aws-cdk/core": "1.18.0"
            }
        },
        "@aws-cdk/aws-ecr-assets": {
            "version": "1.18.0",
            "resolved": "https://registry.npmjs.org/@aws-cdk/aws-ecr-assets/-/aws-ecr-assets-1.18.0.tgz",
            "integrity": "sha512-FxVxZFJyx41VTAF55uD6nbMR5jaoHyYDC4sr0soPyoBvEk3e4JE8fJx6CFYNbvQjeNYGsexw5oT4DN6llS0NWg==",
            "requires": {
                "@aws-cdk/assets": "1.18.0",
                "@aws-cdk/aws-cloudformation": "1.18.0",
                "@aws-cdk/aws-ecr": "1.18.0",
                "@aws-cdk/aws-iam": "1.18.0",
                "@aws-cdk/aws-lambda": "1.18.0",
                "@aws-cdk/aws-s3": "1.18.0",
                "@aws-cdk/core": "1.18.0",
                "@aws-cdk/cx-api": "1.18.0"
            }
        },
        "@aws-cdk/aws-events": {
            "version": "1.18.0",
            "resolved": "https://registry.npmjs.org/@aws-cdk/aws-events/-/aws-events-1.18.0.tgz",
            "integrity": "sha512-SPuOM3SoJH7TAwMvbWz+paEOSPtGqXnbdt0bKfY/ZPEHvmW2hmGdUS7kIPZauMc/TzOyi/YIxWX8a4FY1htCdQ==",
            "requires": {
                "@aws-cdk/aws-iam": "1.18.0",
                "@aws-cdk/core": "1.18.0"
            }
        },
        "@aws-cdk/aws-iam": {
            "version": "1.18.0",
            "resolved": "https://registry.npmjs.org/@aws-cdk/aws-iam/-/aws-iam-1.18.0.tgz",
            "integrity": "sha512-rl+1Oo1S5jZhAAxD1bR9ddBxIajyZ3LDpmGxiU1Y/4ZiwRlv/CKODOfhbNZUC4qHCeDFHUVUOjIYo2PRHRNmCA==",
            "requires": {
                "@aws-cdk/core": "1.18.0",
                "@aws-cdk/region-info": "1.18.0"
            }
        },
        "@aws-cdk/aws-kms": {
            "version": "1.18.0",
            "resolved": "https://registry.npmjs.org/@aws-cdk/aws-kms/-/aws-kms-1.18.0.tgz",
            "integrity": "sha512-EMt3RgmUWOMPgifwL6fIV1AotHDTEszEFcM/600etPa3QEOT74szXJGPNu55mhM2wzu5Gb/j3SNl209ys2+Zww==",
            "requires": {
                "@aws-cdk/aws-iam": "1.18.0",
                "@aws-cdk/core": "1.18.0"
            }
        },
        "@aws-cdk/aws-lambda": {
            "version": "1.18.0",
            "resolved": "https://registry.npmjs.org/@aws-cdk/aws-lambda/-/aws-lambda-1.18.0.tgz",
            "integrity": "sha512-jL3mZuHkDFDa7Yq1a4kCcODWBUoG/xhbtt1aKWqZ+w+jA2p/5SU8Yx9iJv7WWCz3bKUB7A4m0vJe/hABmr16KQ==",
            "requires": {
                "@aws-cdk/aws-cloudwatch": "1.18.0",
                "@aws-cdk/aws-ec2": "1.18.0",
                "@aws-cdk/aws-events": "1.18.0",
                "@aws-cdk/aws-iam": "1.18.0",
                "@aws-cdk/aws-logs": "1.18.0",
                "@aws-cdk/aws-s3": "1.18.0",
                "@aws-cdk/aws-s3-assets": "1.18.0",
                "@aws-cdk/aws-sqs": "1.18.0",
                "@aws-cdk/core": "1.18.0",
                "@aws-cdk/cx-api": "1.18.0"
            }
        },
        "@aws-cdk/aws-logs": {
            "version": "1.18.0",
            "resolved": "https://registry.npmjs.org/@aws-cdk/aws-logs/-/aws-logs-1.18.0.tgz",
            "integrity": "sha512-QKyIwv1MRBx7RLRn2XR/HUoYw6OPzaqe5zVNjLy5A+rAekCz3TE/yuRsjUXN+75I8Rbgw5wRTZ/1YRLf82wjhA==",
            "requires": {
                "@aws-cdk/aws-cloudwatch": "1.18.0",
                "@aws-cdk/aws-iam": "1.18.0",
                "@aws-cdk/core": "1.18.0"
            }
        },
        "@aws-cdk/aws-route53": {
            "version": "1.18.0",
            "resolved": "https://registry.npmjs.org/@aws-cdk/aws-route53/-/aws-route53-1.18.0.tgz",
            "integrity": "sha512-v/FiOL6jeRiCGvp0QA5YqVfgocoWF0jUKKOTDaUGOqtXKZ3v01uy/43zqRYhQ7EZZJZhOtEzNkrTLCXn9DMpDw==",
            "requires": {
                "@aws-cdk/aws-ec2": "1.18.0",
                "@aws-cdk/aws-logs": "1.18.0",
                "@aws-cdk/core": "1.18.0",
                "@aws-cdk/cx-api": "1.18.0"
            }
        },
        "@aws-cdk/aws-s3": {
            "version": "1.18.0",
            "resolved": "https://registry.npmjs.org/@aws-cdk/aws-s3/-/aws-s3-1.18.0.tgz",
            "integrity": "sha512-i50+7AEC8bMrxhB/0/eCg+JgiQTsvTEkZK1PPP1dncYQPi73uq9vk5RRVicdOtX6jvFz2aKUxWiVc3PdVuXRyQ==",
            "requires": {
                "@aws-cdk/aws-events": "1.18.0",
                "@aws-cdk/aws-iam": "1.18.0",
                "@aws-cdk/aws-kms": "1.18.0",
                "@aws-cdk/core": "1.18.0"
            }
        },
        "@aws-cdk/aws-s3-assets": {
            "version": "1.18.0",
            "resolved": "https://registry.npmjs.org/@aws-cdk/aws-s3-assets/-/aws-s3-assets-1.18.0.tgz",
            "integrity": "sha512-roDtShya5Vyda8eBktH+pIMftN2EuHa3k7/vxKqIpBAZJ+ne5c77XZxWWxqQzaukmlSZJYN0JBrDT1Bg+cJrwQ==",
            "requires": {
                "@aws-cdk/assets": "1.18.0",
                "@aws-cdk/aws-iam": "1.18.0",
                "@aws-cdk/aws-s3": "1.18.0",
                "@aws-cdk/core": "1.18.0",
                "@aws-cdk/cx-api": "1.18.0"
            }
        },
        "@aws-cdk/aws-s3-deployment": {
            "version": "1.18.0",
            "resolved": "https://registry.npmjs.org/@aws-cdk/aws-s3-deployment/-/aws-s3-deployment-1.18.0.tgz",
            "integrity": "sha512-vKhnxvKSaIXGxSs7Bjby3/tuH2ODT1SgKWAss61yJBbdwHhNxAZ0iPV55OiiUlRSXZ1rHErUNqIzx3Q1905Alg==",
            "requires": {
                "@aws-cdk/aws-cloudformation": "1.18.0",
                "@aws-cdk/aws-cloudfront": "1.18.0",
                "@aws-cdk/aws-iam": "1.18.0",
                "@aws-cdk/aws-lambda": "1.18.0",
                "@aws-cdk/aws-s3": "1.18.0",
                "@aws-cdk/aws-s3-assets": "1.18.0",
                "@aws-cdk/core": "1.18.0"
            }
        },
        "@aws-cdk/aws-secretsmanager": {
            "version": "1.18.0",
            "resolved": "https://registry.npmjs.org/@aws-cdk/aws-secretsmanager/-/aws-secretsmanager-1.18.0.tgz",
            "integrity": "sha512-VKUhBcIwon6IAtVfpJyamaphkRq33Kth55jXT2DG71wNSokHg9gphSHUPxTUU0Z8XNLlqRwwgYugjSMsegOLqA==",
            "requires": {
                "@aws-cdk/aws-ec2": "1.18.0",
                "@aws-cdk/aws-iam": "1.18.0",
                "@aws-cdk/aws-kms": "1.18.0",
                "@aws-cdk/aws-lambda": "1.18.0",
                "@aws-cdk/core": "1.18.0"
            }
        },
        "@aws-cdk/aws-sns": {
            "version": "1.18.0",
            "resolved": "https://registry.npmjs.org/@aws-cdk/aws-sns/-/aws-sns-1.18.0.tgz",
            "integrity": "sha512-kDCiGfRcPyxqM9HSl9+ikOlNPkVpG3i59HibXxI2OlZSNabQ+vJRUXKHkuc7N/mzlHLpGB5wLfsY4NqzZwwyeQ==",
            "requires": {
                "@aws-cdk/aws-cloudwatch": "1.18.0",
                "@aws-cdk/aws-events": "1.18.0",
                "@aws-cdk/aws-iam": "1.18.0",
                "@aws-cdk/core": "1.18.0"
            }
        },
        "@aws-cdk/aws-sqs": {
            "version": "1.18.0",
            "resolved": "https://registry.npmjs.org/@aws-cdk/aws-sqs/-/aws-sqs-1.18.0.tgz",
            "integrity": "sha512-oXmP43Jn2EdUv/n/VAYRvAU4LDbmXS3IJbzxoCvA9VG8q6ZE9rmooTAIhjY/gYGHTL9FNfySPw7YnRa9FApFhg==",
            "requires": {
                "@aws-cdk/aws-cloudwatch": "1.18.0",
                "@aws-cdk/aws-iam": "1.18.0",
                "@aws-cdk/aws-kms": "1.18.0",
                "@aws-cdk/core": "1.18.0"
            }
        },
        "@aws-cdk/aws-ssm": {
            "version": "1.18.0",
            "resolved": "https://registry.npmjs.org/@aws-cdk/aws-ssm/-/aws-ssm-1.18.0.tgz",
            "integrity": "sha512-8wnELHCneIez6au0PMPYqrxPXLvIstVEDiNdykTHCZ+lHIVKn/xLIXYMFuiC1CDPnVZr46eegCOHzO3l7cscWw==",
            "requires": {
                "@aws-cdk/aws-iam": "1.18.0",
                "@aws-cdk/aws-kms": "1.18.0",
                "@aws-cdk/core": "1.18.0",
                "@aws-cdk/cx-api": "1.18.0"
            }
        },
        "@aws-cdk/core": {
            "version": "1.18.0",
            "resolved": "https://registry.npmjs.org/@aws-cdk/core/-/core-1.18.0.tgz",
            "integrity": "sha512-9/VCu0X/McR/VPpEnFLKQ08Nc6xsjwJEA5LA3yIh6RSnFpIcQhu4IhDcoRG6OXjiOIDXk1rFf1Tu8pHevame6g==",
            "requires": {
                "@aws-cdk/cx-api": "1.18.0"
            }
        },
        "@aws-cdk/cx-api": {
            "version": "1.18.0",
            "resolved": "https://registry.npmjs.org/@aws-cdk/cx-api/-/cx-api-1.18.0.tgz",
            "integrity": "sha512-2v7eeErBOtjhGjvxSutWP1pddb1lXOf91uGXym2DGq+t3YobM3rDWZW3bkBRtVCx8ZJ/6V+3qCJ10dMzto2xNQ==",
            "requires": {
                "semver": "^6.3.0"
            },
            "dependencies": {
                "semver": {
                    "version": "6.3.0",
                    "bundled": true
                }
            }
        },
        "@aws-cdk/region-info": {
            "version": "1.18.0",
            "resolved": "https://registry.npmjs.org/@aws-cdk/region-info/-/region-info-1.18.0.tgz",
            "integrity": "sha512-6nWNf/IXgByFWf0iaV71Q6ocSaYzuAqvyqFIPfzXSAsSeKtoljC1ih9tzhZbbLrf8fHrM4DW3DPYxYUJrRf/DA=="
        },
        "aws-cdk": {
            "version": "1.174.0",
            "resolved": "https://registry.npmjs.org/aws-cdk/-/aws-cdk-1.174.0.tgz",
            "integrity": "sha512-cAnJ1vx8p0sFoHR5IP4YKd4l3lN7s9Y7+umwb4eNgWr+XSgUbuYiJgS/FD57hIbHN1uoBih3QAE0RA62LVJSFw==",
            "dev": true,
            "requires": {
                "fsevents": "2.3.2"
            }
        },
        "fsevents": {
            "version": "2.3.2",
            "resolved": "https://registry.npmjs.org/fsevents/-/fsevents-2.3.2.tgz",
            "integrity": "sha512-xiqMQR4xAeHTuB9uWm+fFRcIOgKBMiOBP+eXiyT7jsgVCq1bkVygt00oASowB7EdtpOHaaPgKt812P9ab+DDKA==",
            "dev": true,
            "optional": true
        },
        "prettier": {
            "version": "1.18.2",
            "resolved": "https://registry.npmjs.org/prettier/-/prettier-1.18.2.tgz",
            "integrity": "sha512-OeHeMc0JhFE9idD4ZdtNibzY0+TPHSpSSb9h8FqtP+YnoZZ1sl8Vc9b1sasjfymH3SonAF4QcA2+mzHPhMvIiw==",
            "dev": true
        }
    }
}
